
Microsoft Visual Studio Solution File, Format Version 12.00
# Visual Studio Version 16
VisualStudioVersion = 16.0.30523.141
MinimumVisualStudioVersion = 10.0.40219.1
Project("{FAE04EC0-301F-11D3-BF4B-00C04F79EFBC}") = "Proiect_Neag_Cristina", "Proiect_Neag_Cristina.csproj", "{274B0C39-D1AA-492B-B170-7D7FB9922229}"
EndProject
Global
	GlobalSection(SolutionConfigurationPlatforms) = preSolution
		Debug|Any CPU = Debug|Any CPU
		Release|Any CPU = Release|Any CPU
	EndGlobalSection
	GlobalSection(ProjectConfigurationPlatforms) = postSolution
		{274B0C39-D1AA-492B-B170-7D7FB9922229}.Debug|Any CPU.ActiveCfg = Debug|Any CPU
		{274B0C39-D1AA-492B-B170-7D7FB9922229}.Debug|Any CPU.Build.0 = Debug|Any CPU
		{274B0C39-D1AA-492B-B170-7D7FB9922229}.Release|Any CPU.ActiveCfg = Release|Any CPU
		{274B0C39-D1AA-492B-B170-7D7FB9922229}.Release|Any CPU.Build.0 = Release|Any CPU
	EndGlobalSection
	GlobalSection(SolutionProperties) = preSolution
		HideSolutionNode = FALSE
	EndGlobalSection
	GlobalSection(ExtensibilityGlobals) = postSolution
		SolutionGuid = {25EBE5A7-9BFB-43EF-BDF9-04D0E4048D49}
	EndGlobalSection
EndGlobal
